# This file is autogenerated, do not edit; changes may be undone by the next 'dep ensure'.


[[projects]]
  branch = "master"
  name = "github.com/tmthrgd/chacha20"
  packages = [
    ".",
    "internal/ref",
    "internal/xor"
  ]
  revision = "375944075c1aca2c4e2ee7479546c1864f787c03"

[[projects]]
  branch = "master"
  name = "github.com/tmthrgd/go-bindata"
  packages = [
    ".",
    "internal/identifier"
  ]
  revision = "40f4993ede74f673cfe96bed75ef8513a389a00a"

[[projects]]
  branch = "master"
  name = "github.com/tmthrgd/go-rand"
  packages = ["."]
  revision = "a9a9426f7470ed6cc7e145c3d457ae68727dc9a7"

[[projects]]
  branch = "master"
  name = "github.com/zach-klippenstein/goregen"
  packages = ["."]
  revision = "795b5e3961ea1912fde60af417ad85e86acc0d6a"

[solve-meta]
  analyzer-name = "dep"
  analyzer-version = 1
  inputs-digest = "8b08be8cbe6efc4eabb6f93ade531d3e49cd4a9b2d9ed83133a1564ce520c7c1"
  solver-name = "gps-cdcl"
  solver-version = 1
